
Microsoft Visual Studio Solution File, Format Version 12.00
# Visual Studio Version 17
VisualStudioVersion = 17.3.32819.101
MinimumVisualStudioVersion = 10.0.40219.1
Project("{FAE04EC0-301F-11D3-BF4B-00C04F79EFBC}") = "PartyGameAPI", "PartyGameAPI\PartyGameAPI.csproj", "{4AD9B142-ED06-4B13-9B97-536AD131974D}"
EndProject
Global
	GlobalSection(SolutionConfigurationPlatforms) = preSolution
		Debug|Any CPU = Debug|Any CPU
		Release|Any CPU = Release|Any CPU
	EndGlobalSection
	GlobalSection(ProjectConfigurationPlatforms) = postSolution
		{4AD9B142-ED06-4B13-9B97-536AD131974D}.Debug|Any CPU.ActiveCfg = Debug|Any CPU
		{4AD9B142-ED06-4B13-9B97-536AD131974D}.Debug|Any CPU.Build.0 = Debug|Any CPU
		{4AD9B142-ED06-4B13-9B97-536AD131974D}.Release|Any CPU.ActiveCfg = Release|Any CPU
		{4AD9B142-ED06-4B13-9B97-536AD131974D}.Release|Any CPU.Build.0 = Release|Any CPU
	EndGlobalSection
	GlobalSection(SolutionProperties) = preSolution
		HideSolutionNode = FALSE
	EndGlobalSection
	GlobalSection(ExtensibilityGlobals) = postSolution
		SolutionGuid = {27098B7D-FAC2-4FEF-B3E1-742E4A2ADAE6}
	EndGlobalSection
EndGlobal
